
Microsoft Visual Studio Solution File, Format Version 12.00
# Visual Studio Version 17
VisualStudioVersion = 17.13.35913.81
MinimumVisualStudioVersion = 10.0.40219.1
Project("{FAE04EC0-301F-11D3-BF4B-00C04F79EFBC}") = "AdminRole6", "AdminRole6.csproj", "{0AE52E08-9168-495E-8FB6-CF91CE99B5FD}"
EndProject
Global
	GlobalSection(SolutionConfigurationPlatforms) = preSolution
		Debug|Any CPU = Debug|Any CPU
		Release|Any CPU = Release|Any CPU
	EndGlobalSection
	GlobalSection(ProjectConfigurationPlatforms) = postSolution
		{0AE52E08-9168-495E-8FB6-CF91CE99B5FD}.Debug|Any CPU.ActiveCfg = Debug|Any CPU
		{0AE52E08-9168-495E-8FB6-CF91CE99B5FD}.Debug|Any CPU.Build.0 = Debug|Any CPU
		{0AE52E08-9168-495E-8FB6-CF91CE99B5FD}.Release|Any CPU.ActiveCfg = Release|Any CPU
		{0AE52E08-9168-495E-8FB6-CF91CE99B5FD}.Release|Any CPU.Build.0 = Release|Any CPU
	EndGlobalSection
	GlobalSection(SolutionProperties) = preSolution
		HideSolutionNode = FALSE
	EndGlobalSection
	GlobalSection(ExtensibilityGlobals) = postSolution
		SolutionGuid = {DBFF3AA4-4E35-4263-BE7C-E30EDF39D13F}
	EndGlobalSection
EndGlobal
